Microsoft Visual Studio Solution File, Format Version 12.00
# Visual Studio Version 17
VisualStudioVersion = 17.5.2.0
MinimumVisualStudioVersion = 10.0.40219.1
Project("{FAE04EC0-301F-11D3-BF4B-00C04F79EFBC}") = "DockerBE", "DockerBE.csproj", "{78B15963-B53C-9BF3-DC64-8F0D8665D951}"
EndProject
Global
	GlobalSection(SolutionConfigurationPlatforms) = preSolution
		Debug|Any CPU = Debug|Any CPU
		Release|Any CPU = Release|Any CPU
	EndGlobalSection
	GlobalSection(ProjectConfigurationPlatforms) = postSolution
		{78B15963-B53C-9BF3-DC64-8F0D8665D951}.Debug|Any CPU.ActiveCfg = Debug|Any CPU
		{78B15963-B53C-9BF3-DC64-8F0D8665D951}.Debug|Any CPU.Build.0 = Debug|Any CPU
		{78B15963-B53C-9BF3-DC64-8F0D8665D951}.Release|Any CPU.ActiveCfg = Release|Any CPU
		{78B15963-B53C-9BF3-DC64-8F0D8665D951}.Release|Any CPU.Build.0 = Release|Any CPU
	EndGlobalSection
	GlobalSection(SolutionProperties) = preSolution
		HideSolutionNode = FALSE
	EndGlobalSection
	GlobalSection(ExtensibilityGlobals) = postSolution
		SolutionGuid = {DE1CC49C-B0AD-40FE-B94C-D2098FE48D8B}
	EndGlobalSection
EndGlobal
